lockfileVersion: '9.0'

settings:
  autoInstallPeers: true
  excludeLinksFromLockfile: false

importers:

  cli:
    devDependencies:
      '@types/node':
        specifier: 25.5.0
        version: 25.5.0
    optionalDependencies:
      '@wx-lang/cli-darwin-arm64':
        specifier: workspace:*
        version: link:npm/darwin-arm64
      '@wx-lang/cli-darwin-x64':
        specifier: workspace:*
        version: link:npm/darwin-x64
      '@wx-lang/cli-linux-x64':
        specifier: workspace:*
        version: link:npm/linux-x64
      '@wx-lang/cli-win32-x64':
        specifier: workspace:*
        version: link:npm/win32-x64

  cli/npm/darwin-arm64: {}

  cli/npm/darwin-x64: {}

  cli/npm/linux-x64: {}

  cli/npm/win32-x64: {}

packages:

  '@types/node@25.5.0':
    resolution: {integrity: sha512-jp2P3tQMSxWugkCUKLRPVUpGaL5MVFwF8RDuSRztfwgN1wmqJeMSbKlnEtQqU8UrhTmzEmZdu2I6v2dpp7XIxw==}

  undici-types@7.18.2:
    resolution: {integrity: sha512-AsuCzffGHJybSaRrmr5eHr81mwJU3kjw6M+uprWvCXiNeN9SOGwQ3Jn8jb8m3Z6izVgknn1R0FTCEAP2QrLY/w==}

snapshots:

  '@types/node@25.5.0':
    dependencies:
      undici-types: 7.18.2

  undici-types@7.18.2: {}
